# This file is automatically @generated by Cargo.
# It is not intended for manual editing.
version = 3

[[package]]
name = "libc"
version = "0.2.119"
source = "registry+https://github.com/rust-lang/crates.io-index"
checksum = "1bf2e165bb3457c8e098ea76f3e3bc9db55f87aa90d52d0e6be741470916aaa4"

[[package]]
name = "macsmc"
version = "0.1.7"
source = "registry+https://github.com/rust-lang/crates.io-index"
checksum = "e1d7bca58ae48ddde869cb540e95108ee0bcfe2e441635f3e12646d920e3d4cb"
dependencies = [
 "libc",
]

[[package]]
name = "malus"
version = "0.0.0"
dependencies = [
 "macsmc",
]
